// !$*UTF8*$!
{
	archiveVersion = 1;
	classes = {
	};
	objectVersion = 77;
	objects = {

/* Begin PBXBuildFile section */
		756F66742D22F5B70032E68F /* LandmarkList.swift in Sources */ = {isa = PBXBuildFile; fileRef = 756F66732D22F5B70032E68F /* LandmarkList.swift */; };
		756F66762D22FDD60032E68F /* LandmarkDetail.swift in Sources */ = {isa = PBXBuildFile; fileRef = 756F66752D22FDD60032E68F /* LandmarkDetail.swift */; };
		756F66782D23CCC10032E68F /* FavoriteButton.swift in Sources */ = {isa = PBXBuildFile; fileRef = 756F66772D23CCC10032E68F /* FavoriteButton.swift */; };
		756F667C2D23DF260032E68F /* HexagonParameters.swift in Sources */ = {isa = PBXBuildFile; fileRef = 756F667B2D23DF260032E68F /* HexagonParameters.swift */; };
		756F667E2D23E0040032E68F /* BadgeBackground.swift in Sources */ = {isa = PBXBuildFile; fileRef = 756F667D2D23E0040032E68F /* BadgeBackground.swift */; };
		756F66802D23E46D0032E68F /* BadgeSymbol.swift in Sources */ = {isa = PBXBuildFile; fileRef = 756F667F2D23E46D0032E68F /* BadgeSymbol.swift */; };
		756F66822D23E5080032E68F /* RotatedBadgeSymbol.swift in Sources */ = {isa = PBXBuildFile; fileRef = 756F66812D23E5080032E68F /* RotatedBadgeSymbol.swift */; };
		756F66842D23E54E0032E68F /* Badge.swift in Sources */ = {isa = PBXBuildFile; fileRef = 756F66832D23E54E0032E68F /* Badge.swift */; };
		75AF982A2D22EDCC00107C9F /* Preview Assets.xcassets in Resources */ = {isa = PBXBuildFile; fileRef = 75AF981E2D22EDCC00107C9F /* Preview Assets.xcassets */; };
		75AF982B2D22EDCC00107C9F /* Assets.xcassets in Resources */ = {isa = PBXBuildFile; fileRef = 75AF98242D22EDCC00107C9F /* Assets.xcassets */; };
		75AF982C2D22EDCC00107C9F /* landmarkData.json in Resources */ = {isa = PBXBuildFile; fileRef = 75AF98272D22EDCC00107C9F /* landmarkData.json */; };
		75AF982D2D22EDCC00107C9F /* CircleImage.swift in Sources */ = {isa = PBXBuildFile; fileRef = 75AF98202D22EDCC00107C9F /* CircleImage.swift */; };
		75AF982E2D22EDCC00107C9F /* ContentView.swift in Sources */ = {isa = PBXBuildFile; fileRef = 75AF98212D22EDCC00107C9F /* ContentView.swift */; };
		75AF982F2D22EDCC00107C9F /* MapView.swift in Sources */ = {isa = PBXBuildFile; fileRef = 75AF98222D22EDCC00107C9F /* MapView.swift */; };
		75AF98302D22EDCC00107C9F /* Landmark.swift in Sources */ = {isa = PBXBuildFile; fileRef = 75AF98252D22EDCC00107C9F /* Landmark.swift */; };
		75AF98312D22EDCC00107C9F /* LandmarkApp.swift in Sources */ = {isa = PBXBuildFile; fileRef = 75AF98262D22EDCC00107C9F /* LandmarkApp.swift */; };
		75AF98322D22EDCC00107C9F /* ModelData.swift in Sources */ = {isa = PBXBuildFile; fileRef = 75AF98282D22EDCC00107C9F /* ModelData.swift */; };
		75AF98362D22EDDC00107C9F /* LandmarkUITests.swift in Sources */ = {isa = PBXBuildFile; fileRef = 75AF98332D22EDDC00107C9F /* LandmarkUITests.swift */; };
		75AF98372D22EDDC00107C9F /* LandmarkUITestsLaunchTests.swift in Sources */ = {isa = PBXBuildFile; fileRef = 75AF98342D22EDDC00107C9F /* LandmarkUITestsLaunchTests.swift */; };
		75AF983A2D22EDDE00107C9F /* LandmarkTests.swift in Sources */ = {isa = PBXBuildFile; fileRef = 75AF98382D22EDDE00107C9F /* LandmarkTests.swift */; };
		75AF983E2D22F3D800107C9F /* LandmarkRow.swift in Sources */ = {isa = PBXBuildFile; fileRef = 75AF983D2D22F3D800107C9F /* LandmarkRow.swift */; };
/* End PBXBuildFile section */

/* Begin PBXContainerItemProxy section */
		75EFC5C22D22B55400D33728 /* PBXContainerItemProxy */ = {
			isa = PBXContainerItemProxy;
			containerPortal = 75EFC5A92D22B55200D33728 /* Project object */;
			proxyType = 1;
			remoteGlobalIDString = 75EFC5B02D22B55200D33728;
			remoteInfo = Landmark;
		};
		75EFC5CC2D22B55400D33728 /* PBXContainerItemProxy */ = {
			isa = PBXContainerItemProxy;
			containerPortal = 75EFC5A92D22B55200D33728 /* Project object */;
			proxyType = 1;
			remoteGlobalIDString = 75EFC5B02D22B55200D33728;
			remoteInfo = Landmark;
		};
/* End PBXContainerItemProxy section */

/* Begin PBXFileReference section */
		756F66732D22F5B70032E68F /* LandmarkList.swift */ = {isa = PBXFileReference; lastKnownFileType = sourcecode.swift; path = LandmarkList.swift; sourceTree = "<group>"; };
		756F66752D22FDD60032E68F /* LandmarkDetail.swift */ = {isa = PBXFileReference; lastKnownFileType = sourcecode.swift; path = LandmarkDetail.swift; sourceTree = "<group>"; };
		756F66772D23CCC10032E68F /* FavoriteButton.swift */ = {isa = PBXFileReference; lastKnownFileType = sourcecode.swift; path = FavoriteButton.swift; sourceTree = "<group>"; };
		756F667B2D23DF260032E68F /* HexagonParameters.swift */ = {isa = PBXFileReference; lastKnownFileType = sourcecode.swift; path = HexagonParameters.swift; sourceTree = "<group>"; };
		756F667D2D23E0040032E68F /* BadgeBackground.swift */ = {isa = PBXFileReference; lastKnownFileType = sourcecode.swift; path = BadgeBackground.swift; sourceTree = "<group>"; };
		756F667F2D23E46D0032E68F /* BadgeSymbol.swift */ = {isa = PBXFileReference; lastKnownFileType = sourcecode.swift; path = BadgeSymbol.swift; sourceTree = "<group>"; };
		756F66812D23E5080032E68F /* RotatedBadgeSymbol.swift */ = {isa = PBXFileReference; lastKnownFileType = sourcecode.swift; path = RotatedBadgeSymbol.swift; sourceTree = "<group>"; };
		756F66832D23E54E0032E68F /* Badge.swift */ = {isa = PBXFileReference; lastKnownFileType = sourcecode.swift; path = Badge.swift; sourceTree = "<group>"; };
		75AF98012D22EC8C00107C9F /* Landmark.app */ = {isa = PBXFileReference; explicitFileType = wrapper.application; includeInIndex = 0; path = Landmark.app; sourceTree = BUILT_PRODUCTS_DIR; };
		75AF98022D22EC8C00107C9F /* LandmarkTests.xctest */ = {isa = PBXFileReference; explicitFileType = wrapper.cfbundle; includeInIndex = 0; path = LandmarkTests.xctest; sourceTree = BUILT_PRODUCTS_DIR; };
		75AF98032D22EC8C00107C9F /* LandmarkUITests.xctest */ = {isa = PBXFileReference; explicitFileType = wrapper.cfbundle; includeInIndex = 0; path = LandmarkUITests.xctest; sourceTree = BUILT_PRODUCTS_DIR; };
		75AF981E2D22EDCC00107C9F /* Preview Assets.xcassets */ = {isa = PBXFileReference; lastKnownFileType = folder.assetcatalog; path = "Preview Assets.xcassets"; sourceTree = "<group>"; };
		75AF98202D22EDCC00107C9F /* CircleImage.swift */ = {isa = PBXFileReference; lastKnownFileType = sourcecode.swift; path = CircleImage.swift; sourceTree = "<group>"; };
		75AF98212D22EDCC00107C9F /* ContentView.swift */ = {isa = PBXFileReference; lastKnownFileType = sourcecode.swift; path = ContentView.swift; sourceTree = "<group>"; };
		75AF98222D22EDCC00107C9F /* MapView.swift */ = {isa = PBXFileReference; lastKnownFileType = sourcecode.swift; path = MapView.swift; sourceTree = "<group>"; };
		75AF98242D22EDCC00107C9F /* Assets.xcassets */ = {isa = PBXFileReference; lastKnownFileType = folder.assetcatalog; path = Assets.xcassets; sourceTree = "<group>"; };
		75AF98252D22EDCC00107C9F /* Landmark.swift */ = {isa = PBXFileReference; lastKnownFileType = sourcecode.swift; path = Landmark.swift; sourceTree = "<group>"; };
		75AF98262D22EDCC00107C9F /* LandmarkApp.swift */ = {isa = PBXFileReference; lastKnownFileType = sourcecode.swift; path = LandmarkApp.swift; sourceTree = "<group>"; };
		75AF98272D22EDCC00107C9F /* landmarkData.json */ = {isa = PBXFileReference; lastKnownFileType = text.json; path = landmarkData.json; sourceTree = "<group>"; };
		75AF98282D22EDCC00107C9F /* ModelData.swift */ = {isa = PBXFileReference; lastKnownFileType = sourcecode.swift; path = ModelData.swift; sourceTree = "<group>"; };
		75AF98332D22EDDC00107C9F /* LandmarkUITests.swift */ = {isa = PBXFileReference; lastKnownFileType = sourcecode.swift; path = LandmarkUITests.swift; sourceTree = "<group>"; };
		75AF98342D22EDDC00107C9F /* LandmarkUITestsLaunchTests.swift */ = {isa = PBXFileReference; lastKnownFileType = sourcecode.swift; path = LandmarkUITestsLaunchTests.swift; sourceTree = "<group>"; };
		75AF98382D22EDDE00107C9F /* LandmarkTests.swift */ = {isa = PBXFileReference; lastKnownFileType = sourcecode.swift; path = LandmarkTests.swift; sourceTree = "<group>"; };
		75AF983D2D22F3D800107C9F /* LandmarkRow.swift */ = {isa = PBXFileReference; lastKnownFileType = sourcecode.swift; path = LandmarkRow.swift; sourceTree = "<group>"; };
/* End PBXFileReference section */

/* Begin PBXFrameworksBuildPhase section */
		75EFC5AE2D22B55200D33728 /* Frameworks */ = {
			isa = PBXFrameworksBuildPhase;
			buildActionMask = 2147483647;
			files = (
			);
			runOnlyForDeploymentPostprocessing = 0;
		};
		75EFC5BE2D22B55400D33728 /* Frameworks */ = {
			isa = PBXFrameworksBuildPhase;
			buildActionMask = 2147483647;
			files = (
			);
			runOnlyForDeploymentPostprocessing = 0;
		};
		75EFC5C82D22B55400D33728 /* Frameworks */ = {
			isa = PBXFrameworksBuildPhase;
			buildActionMask = 2147483647;
			files = (
			);
			runOnlyForDeploymentPostprocessing = 0;
		};
/* End PBXFrameworksBuildPhase section */

/* Begin PBXGroup section */
		756F66792D23CD810032E68F /* Helper */ = {
			isa = PBXGroup;
			children = (
				75AF98202D22EDCC00107C9F /* CircleImage.swift */,
				75AF98222D22EDCC00107C9F /* MapView.swift */,
				756F66772D23CCC10032E68F /* FavoriteButton.swift */,
			);
			path = Helper;
			sourceTree = "<group>";
		};
		756F667A2D23CD950032E68F /* Landmarks */ = {
			isa = PBXGroup;
			children = (
				75AF983D2D22F3D800107C9F /* LandmarkRow.swift */,
				756F66732D22F5B70032E68F /* LandmarkList.swift */,
				756F66752D22FDD60032E68F /* LandmarkDetail.swift */,
			);
			path = Landmarks;
			sourceTree = "<group>";
		};
		756F66852D23E6AF0032E68F /* Badges */ = {
			isa = PBXGroup;
			children = (
				756F667B2D23DF260032E68F /* HexagonParameters.swift */,
				756F667D2D23E0040032E68F /* BadgeBackground.swift */,
				756F667F2D23E46D0032E68F /* BadgeSymbol.swift */,
				756F66812D23E5080032E68F /* RotatedBadgeSymbol.swift */,
				756F66832D23E54E0032E68F /* Badge.swift */,
			);
			path = Badges;
			sourceTree = "<group>";
		};
		75AF981F2D22EDCC00107C9F /* Preview Content */ = {
			isa = PBXGroup;
			children = (
				75AF981E2D22EDCC00107C9F /* Preview Assets.xcassets */,
			);
			path = "Preview Content";
			sourceTree = "<group>";
		};
		75AF98232D22EDCC00107C9F /* Views */ = {
			isa = PBXGroup;
			children = (
				756F66852D23E6AF0032E68F /* Badges */,
				756F667A2D23CD950032E68F /* Landmarks */,
				756F66792D23CD810032E68F /* Helper */,
				75AF98212D22EDCC00107C9F /* ContentView.swift */,
			);
			path = Views;
			sourceTree = "<group>";
		};
		75AF98292D22EDCC00107C9F /* Landmark */ = {
			isa = PBXGroup;
			children = (
				75AF983C2D22F3C000107C9F /* Resources */,
				75AF983B2D22F3A500107C9F /* Model */,
				75AF981F2D22EDCC00107C9F /* Preview Content */,
				75AF98232D22EDCC00107C9F /* Views */,
				75AF98242D22EDCC00107C9F /* Assets.xcassets */,
				75AF98262D22EDCC00107C9F /* LandmarkApp.swift */,
			);
			path = Landmark;
			sourceTree = "<group>";
		};
		75AF98352D22EDDC00107C9F /* LandmarkUITests */ = {
			isa = PBXGroup;
			children = (
				75AF98332D22EDDC00107C9F /* LandmarkUITests.swift */,
				75AF98342D22EDDC00107C9F /* LandmarkUITestsLaunchTests.swift */,
			);
			path = LandmarkUITests;
			sourceTree = "<group>";
		};
		75AF98392D22EDDE00107C9F /* LandmarkTests */ = {
			isa = PBXGroup;
			children = (
				75AF98382D22EDDE00107C9F /* LandmarkTests.swift */,
			);
			path = LandmarkTests;
			sourceTree = "<group>";
		};
		75AF983B2D22F3A500107C9F /* Model */ = {
			isa = PBXGroup;
			children = (
				75AF98252D22EDCC00107C9F /* Landmark.swift */,
				75AF98282D22EDCC00107C9F /* ModelData.swift */,
			);
			path = Model;
			sourceTree = "<group>";
		};
		75AF983C2D22F3C000107C9F /* Resources */ = {
			isa = PBXGroup;
			children = (
				75AF98272D22EDCC00107C9F /* landmarkData.json */,
			);
			path = Resources;
			sourceTree = "<group>";
		};
		75EFC5A82D22B55200D33728 = {
			isa = PBXGroup;
			children = (
				75AF98392D22EDDE00107C9F /* LandmarkTests */,
				75AF98352D22EDDC00107C9F /* LandmarkUITests */,
				75AF98292D22EDCC00107C9F /* Landmark */,
				75AF98012D22EC8C00107C9F /* Landmark.app */,
				75AF98022D22EC8C00107C9F /* LandmarkTests.xctest */,
				75AF98032D22EC8C00107C9F /* LandmarkUITests.xctest */,
			);
			sourceTree = "<group>";
		};
/* End PBXGroup section */

/* Begin PBXNativeTarget section */
		75EFC5B02D22B55200D33728 /* Landmark */ = {
			isa = PBXNativeTarget;
			buildConfigurationList = 75EFC5D52D22B55400D33728 /* Build configuration list for PBXNativeTarget "Landmark" */;
			buildPhases = (
				75EFC5AD2D22B55200D33728 /* Sources */,
				75EFC5AE2D22B55200D33728 /* Frameworks */,
				75EFC5AF2D22B55200D33728 /* Resources */,
			);
			buildRules = (
			);
			dependencies = (
			);
			name = Landmark;
			packageProductDependencies = (
			);
			productName = Landmark;
			productReference = 75AF98012D22EC8C00107C9F /* Landmark.app */;
			productType = "com.apple.product-type.application";
		};
		75EFC5C02D22B55400D33728 /* LandmarkTests */ = {
			isa = PBXNativeTarget;
			buildConfigurationList = 75EFC5D82D22B55400D33728 /* Build configuration list for PBXNativeTarget "LandmarkTests" */;
			buildPhases = (
				75EFC5BD2D22B55400D33728 /* Sources */,
				75EFC5BE2D22B55400D33728 /* Frameworks */,
				75EFC5BF2D22B55400D33728 /* Resources */,
			);
			buildRules = (
			);
			dependencies = (
				75EFC5C32D22B55400D33728 /* PBXTargetDependency */,
			);
			name = LandmarkTests;
			packageProductDependencies = (
			);
			productName = LandmarkTests;
			productReference = 75AF98022D22EC8C00107C9F /* LandmarkTests.xctest */;
			productType = "com.apple.product-type.bundle.unit-test";
		};
		75EFC5CA2D22B55400D33728 /* LandmarkUITests */ = {
			isa = PBXNativeTarget;
			buildConfigurationList = 75EFC5DB2D22B55400D33728 /* Build configuration list for PBXNativeTarget "LandmarkUITests" */;
			buildPhases = (
				75EFC5C72D22B55400D33728 /* Sources */,
				75EFC5C82D22B55400D33728 /* Frameworks */,
				75EFC5C92D22B55400D33728 /* Resources */,
			);
			buildRules = (
			);
			dependencies = (
				75EFC5CD2D22B55400D33728 /* PBXTargetDependency */,
			);
			name = LandmarkUITests;
			packageProductDependencies = (
			);
			productName = LandmarkUITests;
			productReference = 75AF98032D22EC8C00107C9F /* LandmarkUITests.xctest */;
			productType = "com.apple.product-type.bundle.ui-testing";
		};
/* End PBXNativeTarget section */

/* Begin PBXProject section */
		75EFC5A92D22B55200D33728 /* Project object */ = {
			isa = PBXProject;
			attributes = {
				BuildIndependentTargetsInParallel = 1;
				LastSwiftUpdateCheck = 1610;
				LastUpgradeCheck = 1610;
				TargetAttributes = {
					75EFC5B02D22B55200D33728 = {
						CreatedOnToolsVersion = 16.1;
					};
					75EFC5C02D22B55400D33728 = {
						CreatedOnToolsVersion = 16.1;
						TestTargetID = 75EFC5B02D22B55200D33728;
					};
					75EFC5CA2D22B55400D33728 = {
						CreatedOnToolsVersion = 16.1;
						TestTargetID = 75EFC5B02D22B55200D33728;
					};
				};
			};
			buildConfigurationList = 75EFC5AC2D22B55200D33728 /* Build configuration list for PBXProject "Landmark" */;
			developmentRegion = en;
			hasScannedForEncodings = 0;
			knownRegions = (
				en,
				Base,
			);
			mainGroup = 75EFC5A82D22B55200D33728;
			minimizedProjectReferenceProxies = 1;
			preferredProjectObjectVersion = 77;
			productRefGroup = 75EFC5A82D22B55200D33728;
			projectDirPath = "";
			projectRoot = "";
			targets = (
				75EFC5B02D22B55200D33728 /* Landmark */,
				75EFC5C02D22B55400D33728 /* LandmarkTests */,
				75EFC5CA2D22B55400D33728 /* LandmarkUITests */,
			);
		};
/* End PBXProject section */

/* Begin PBXResourcesBuildPhase section */
		75EFC5AF2D22B55200D33728 /* Resources */ = {
			isa = PBXResourcesBuildPhase;
			buildActionMask = 2147483647;
			files = (
				75AF982A2D22EDCC00107C9F /* Preview Assets.xcassets in Resources */,
				75AF982B2D22EDCC00107C9F /* Assets.xcassets in Resources */,
				75AF982C2D22EDCC00107C9F /* landmarkData.json in Resources */,
			);
			runOnlyForDeploymentPostprocessing = 0;
		};
		75EFC5BF2D22B55400D33728 /* Resources */ = {
			isa = PBXResourcesBuildPhase;
			buildActionMask = 2147483647;
			files = (
			);
			runOnlyForDeploymentPostprocessing = 0;
		};
		75EFC5C92D22B55400D33728 /* Resources */ = {
			isa = PBXResourcesBuildPhase;
			buildActionMask = 2147483647;
			files = (
			);
			runOnlyForDeploymentPostprocessing = 0;
		};
/* End PBXResourcesBuildPhase section */

/* Begin PBXSourcesBuildPhase section */
		75EFC5AD2D22B55200D33728 /* Sources */ = {
			isa = PBXSourcesBuildPhase;
			buildActionMask = 2147483647;
			files = (
				75AF982D2D22EDCC00107C9F /* CircleImage.swift in Sources */,
				756F66842D23E54E0032E68F /* Badge.swift in Sources */,
				75AF982E2D22EDCC00107C9F /* ContentView.swift in Sources */,
				75AF982F2D22EDCC00107C9F /* MapView.swift in Sources */,
				756F66782D23CCC10032E68F /* FavoriteButton.swift in Sources */,
				756F667C2D23DF260032E68F /* HexagonParameters.swift in Sources */,
				756F66822D23E5080032E68F /* RotatedBadgeSymbol.swift in Sources */,
				756F66802D23E46D0032E68F /* BadgeSymbol.swift in Sources */,
				756F66742D22F5B70032E68F /* LandmarkList.swift in Sources */,
				756F66762D22FDD60032E68F /* LandmarkDetail.swift in Sources */,
				756F667E2D23E0040032E68F /* BadgeBackground.swift in Sources */,
				75AF98302D22EDCC00107C9F /* Landmark.swift in Sources */,
				75AF98312D22EDCC00107C9F /* LandmarkApp.swift in Sources */,
				75AF983E2D22F3D800107C9F /* LandmarkRow.swift in Sources */,
				75AF98322D22EDCC00107C9F /* ModelData.swift in Sources */,
			);
			runOnlyForDeploymentPostprocessing = 0;
		};
		75EFC5BD2D22B55400D33728 /* Sources */ = {
			isa = PBXSourcesBuildPhase;
			buildActionMask = 2147483647;
			files = (
				75AF983A2D22EDDE00107C9F /* LandmarkTests.swift in Sources */,
			);
			runOnlyForDeploymentPostprocessing = 0;
		};
		75EFC5C72D22B55400D33728 /* Sources */ = {
			isa = PBXSourcesBuildPhase;
			buildActionMask = 2147483647;
			files = (
				75AF98362D22EDDC00107C9F /* LandmarkUITests.swift in Sources */,
				75AF98372D22EDDC00107C9F /* LandmarkUITestsLaunchTests.swift in Sources */,
			);
			runOnlyForDeploymentPostprocessing = 0;
		};
/* End PBXSourcesBuildPhase section */

/* Begin PBXTargetDependency section */
		75EFC5C32D22B55400D33728 /* PBXTargetDependency */ = {
			isa = PBXTargetDependency;
			target = 75EFC5B02D22B55200D33728 /* Landmark */;
			targetProxy = 75EFC5C22D22B55400D33728 /* PBXContainerItemProxy */;
		};
		75EFC5CD2D22B55400D33728 /* PBXTargetDependency */ = {
			isa = PBXTargetDependency;
			target = 75EFC5B02D22B55200D33728 /* Landmark */;
			targetProxy = 75EFC5CC2D22B55400D33728 /* PBXContainerItemProxy */;
		};
/* End PBXTargetDependency section */

/* Begin XCBuildConfiguration section */
		75EFC5D32D22B55400D33728 /* Debug */ = {
			isa = XCBuildConfiguration;
			buildSettings = {
				ALWAYS_SEARCH_USER_PATHS = NO;
				ASSETCATALOG_COMPILER_GENERATE_SWIFT_ASSET_SYMBOL_EXTENSIONS = YES;
				CLANG_ANALYZER_NONNULL = YES;
				CLANG_ANALYZER_NUMBER_OBJECT_CONVERSION = YES_AGGRESSIVE;
				CLANG_CXX_LANGUAGE_STANDARD = "gnu++20";
				CLANG_ENABLE_MODULES = YES;
				CLANG_ENABLE_OBJC_ARC = YES;
				CLANG_ENABLE_OBJC_WEAK = YES;
				CLANG_WARN_BLOCK_CAPTURE_AUTORELEASING = YES;
				CLANG_WARN_BOOL_CONVERSION = YES;
				CLANG_WARN_COMMA = YES;
				CLANG_WARN_CONSTANT_CONVERSION = YES;
				CLANG_WARN_DEPRECATED_OBJC_IMPLEMENTATIONS = YES;
				CLANG_WARN_DIRECT_OBJC_ISA_USAGE = YES_ERROR;
				CLANG_WARN_DOCUMENTATION_COMMENTS = YES;
				CLANG_WARN_EMPTY_BODY = YES;
				CLANG_WARN_ENUM_CONVERSION = YES;
				CLANG_WARN_INFINITE_RECURSION = YES;
				CLANG_WARN_INT_CONVERSION = YES;
				CLANG_WARN_NON_LITERAL_NULL_CONVERSION = YES;
				CLANG_WARN_OBJC_IMPLICIT_RETAIN_SELF = YES;
				CLANG_WARN_OBJC_LITERAL_CONVERSION = YES;
				CLANG_WARN_OBJC_ROOT_CLASS = YES_ERROR;
				CLANG_WARN_QUOTED_INCLUDE_IN_FRAMEWORK_HEADER = YES;
				CLANG_WARN_RANGE_LOOP_ANALYSIS = YES;
				CLANG_WARN_STRICT_PROTOTYPES = YES;
				CLANG_WARN_SUSPICIOUS_MOVE = YES;
				CLANG_WARN_UNGUARDED_AVAILABILITY = YES_AGGRESSIVE;
				CLANG_WARN_UNREACHABLE_CODE = YES;
				CLANG_WARN__DUPLICATE_METHOD_MATCH = YES;
				COPY_PHASE_STRIP = NO;
				DEBUG_INFORMATION_FORMAT = dwarf;
				ENABLE_STRICT_OBJC_MSGSEND = YES;
				ENABLE_TESTABILITY = YES;
				ENABLE_USER_SCRIPT_SANDBOXING = YES;
				GCC_C_LANGUAGE_STANDARD = gnu17;
				GCC_DYNAMIC_NO_PIC = NO;
				GCC_NO_COMMON_BLOCKS = YES;
				GCC_OPTIMIZATION_LEVEL = 0;
				GCC_PREPROCESSOR_DEFINITIONS = (
					"DEBUG=1",
					"$(inherited)",
				);
				GCC_WARN_64_TO_32_BIT_CONVERSION = YES;
				GCC_WARN_ABOUT_RETURN_TYPE = YES_ERROR;
				GCC_WARN_UNDECLARED_SELECTOR = YES;
				GCC_WARN_UNINITIALIZED_AUTOS = YES_AGGRESSIVE;
				GCC_WARN_UNUSED_FUNCTION = YES;
				GCC_WARN_UNUSED_VARIABLE = YES;
				IPHONEOS_DEPLOYMENT_TARGET = 18.1;
				LOCALIZATION_PREFERS_STRING_CATALOGS = YES;
				MTL_ENABLE_DEBUG_INFO = INCLUDE_SOURCE;
				MTL_FAST_MATH = YES;
				ONLY_ACTIVE_ARCH = YES;
				SDKROOT = iphoneos;
				SWIFT_ACTIVE_COMPILATION_CONDITIONS = "DEBUG $(inherited)";
				SWIFT_OPTIMIZATION_LEVEL = "-Onone";
			};
			name = Debug;
		};
		75EFC5D42D22B55400D33728 /* Release */ = {
			isa = XCBuildConfiguration;
			buildSettings = {
				ALWAYS_SEARCH_USER_PATHS = NO;
				ASSETCATALOG_COMPILER_GENERATE_SWIFT_ASSET_SYMBOL_EXTENSIONS = YES;
				CLANG_ANALYZER_NONNULL = YES;
				CLANG_ANALYZER_NUMBER_OBJECT_CONVERSION = YES_AGGRESSIVE;
				CLANG_CXX_LANGUAGE_STANDARD = "gnu++20";
				CLANG_ENABLE_MODULES = YES;
				CLANG_ENABLE_OBJC_ARC = YES;
				CLANG_ENABLE_OBJC_WEAK = YES;
				CLANG_WARN_BLOCK_CAPTURE_AUTORELEASING = YES;
				CLANG_WARN_BOOL_CONVERSION = YES;
				CLANG_WARN_COMMA = YES;
				CLANG_WARN_CONSTANT_CONVERSION = YES;
				CLANG_WARN_DEPRECATED_OBJC_IMPLEMENTATIONS = YES;
				CLANG_WARN_DIRECT_OBJC_ISA_USAGE = YES_ERROR;
				CLANG_WARN_DOCUMENTATION_COMMENTS = YES;
				CLANG_WARN_EMPTY_BODY = YES;
				CLANG_WARN_ENUM_CONVERSION = YES;
				CLANG_WARN_INFINITE_RECURSION = YES;
				CLANG_WARN_INT_CONVERSION = YES;
				CLANG_WARN_NON_LITERAL_NULL_CONVERSION = YES;
				CLANG_WARN_OBJC_IMPLICIT_RETAIN_SELF = YES;
				CLANG_WARN_OBJC_LITERAL_CONVERSION = YES;
				CLANG_WARN_OBJC_ROOT_CLASS = YES_ERROR;
				CLANG_WARN_QUOTED_INCLUDE_IN_FRAMEWORK_HEADER = YES;
				CLANG_WARN_RANGE_LOOP_ANALYSIS = YES;
				CLANG_WARN_STRICT_PROTOTYPES = YES;
				CLANG_WARN_SUSPICIOUS_MOVE = YES;
				CLANG_WARN_UNGUARDED_AVAILABILITY = YES_AGGRESSIVE;
				CLANG_WARN_UNREACHABLE_CODE = YES;
				CLANG_WARN__DUPLICATE_METHOD_MATCH = YES;
				COPY_PHASE_STRIP = NO;
				DEBUG_INFORMATION_FORMAT = "dwarf-with-dsym";
				ENABLE_NS_ASSERTIONS = NO;
				ENABLE_STRICT_OBJC_MSGSEND = YES;
				ENABLE_USER_SCRIPT_SANDBOXING = YES;
				GCC_C_LANGUAGE_STANDARD = gnu17;
				GCC_NO_COMMON_BLOCKS = YES;
				GCC_WARN_64_TO_32_BIT_CONVERSION = YES;
				GCC_WARN_ABOUT_RETURN_TYPE = YES_ERROR;
				GCC_WARN_UNDECLARED_SELECTOR = YES;
				GCC_WARN_UNINITIALIZED_AUTOS = YES_AGGRESSIVE;
				GCC_WARN_UNUSED_FUNCTION = YES;
				GCC_WARN_UNUSED_VARIABLE = YES;
				IPHONEOS_DEPLOYMENT_TARGET = 18.1;
				LOCALIZATION_PREFERS_STRING_CATALOGS = YES;
				MTL_ENABLE_DEBUG_INFO = NO;
				MTL_FAST_MATH = YES;
				SDKROOT = iphoneos;
				SWIFT_COMPILATION_MODE = wholemodule;
				VALIDATE_PRODUCT = YES;
			};
			name = Release;
		};
		75EFC5D62D22B55400D33728 /* Debug */ = {
			isa = XCBuildConfiguration;
			buildSettings = {
				ASSETCATALOG_COMPILER_APPICON_NAME = AppIcon;
				ASSETCATALOG_COMPILER_GLOBAL_ACCENT_COLOR_NAME = AccentColor;
				CODE_SIGN_STYLE = Automatic;
				CURRENT_PROJECT_VERSION = 1;
				DEVELOPMENT_ASSET_PATHS = "\"Landmark/Preview Content\"";
				DEVELOPMENT_TEAM = 29QHZAJ863;
				ENABLE_PREVIEWS = YES;
				GENERATE_INFOPLIST_FILE = YES;
				INFOPLIST_KEY_UIApplicationSceneManifest_Generation = YES;
				INFOPLIST_KEY_UIApplicationSupportsIndirectInputEvents = YES;
				INFOPLIST_KEY_UILaunchScreen_Generation = YES;
				INFOPLIST_KEY_UISupportedInterfaceOrientations_iPad = "UIInterfaceOrientationPortrait UIInterfaceOrientationPortraitUpsideDown UIInterfaceOrientationLandscapeLeft UIInterfaceOrientationLandscapeRight";
				INFOPLIST_KEY_UISupportedInterfaceOrientations_iPhone = "UIInterfaceOrientationPortrait UIInterfaceOrientationLandscapeLeft UIInterfaceOrientationLandscapeRight";
				LD_RUNPATH_SEARCH_PATHS = (
					"$(inherited)",
					"@executable_path/Frameworks",
				);
				MARKETING_VERSION = 1.0;
				PRODUCT_BUNDLE_IDENTIFIER = com.tguzeldev.Landmark;
				PRODUCT_NAME = "$(TARGET_NAME)";
				SWIFT_EMIT_LOC_STRINGS = YES;
				SWIFT_VERSION = 5.0;
				TARGETED_DEVICE_FAMILY = "1,2";
			};
			name = Debug;
		};
		75EFC5D72D22B55400D33728 /* Release */ = {
			isa = XCBuildConfiguration;
			buildSettings = {
				ASSETCATALOG_COMPILER_APPICON_NAME = AppIcon;
				ASSETCATALOG_COMPILER_GLOBAL_ACCENT_COLOR_NAME = AccentColor;
				CODE_SIGN_STYLE = Automatic;
				CURRENT_PROJECT_VERSION = 1;
				DEVELOPMENT_ASSET_PATHS = "\"Landmark/Preview Content\"";
				DEVELOPMENT_TEAM = 29QHZAJ863;
				ENABLE_PREVIEWS = YES;
				GENERATE_INFOPLIST_FILE = YES;
				INFOPLIST_KEY_UIApplicationSceneManifest_Generation = YES;
				INFOPLIST_KEY_UIApplicationSupportsIndirectInputEvents = YES;
				INFOPLIST_KEY_UILaunchScreen_Generation = YES;
				INFOPLIST_KEY_UISupportedInterfaceOrientations_iPad = "UIInterfaceOrientationPortrait UIInterfaceOrientationPortraitUpsideDown UIInterfaceOrientationLandscapeLeft UIInterfaceOrientationLandscapeRight";
				INFOPLIST_KEY_UISupportedInterfaceOrientations_iPhone = "UIInterfaceOrientationPortrait UIInterfaceOrientationLandscapeLeft UIInterfaceOrientationLandscapeRight";
				LD_RUNPATH_SEARCH_PATHS = (
					"$(inherited)",
					"@executable_path/Frameworks",
				);
				MARKETING_VERSION = 1.0;
				PRODUCT_BUNDLE_IDENTIFIER = com.tguzeldev.Landmark;
				PRODUCT_NAME = "$(TARGET_NAME)";
				SWIFT_EMIT_LOC_STRINGS = YES;
				SWIFT_VERSION = 5.0;
				TARGETED_DEVICE_FAMILY = "1,2";
			};
			name = Release;
		};
		75EFC5D92D22B55400D33728 /* Debug */ = {
			isa = XCBuildConfiguration;
			buildSettings = {
				BUNDLE_LOADER = "$(TEST_HOST)";
				CODE_SIGN_STYLE = Automatic;
				CURRENT_PROJECT_VERSION = 1;
				DEVELOPMENT_TEAM = 29QHZAJ863;
				GENERATE_INFOPLIST_FILE = YES;
				IPHONEOS_DEPLOYMENT_TARGET = 18.1;
				MARKETING_VERSION = 1.0;
				PRODUCT_BUNDLE_IDENTIFIER = com.tguzeldev.LandmarkTests;
				PRODUCT_NAME = "$(TARGET_NAME)";
				SWIFT_EMIT_LOC_STRINGS = NO;
				SWIFT_VERSION = 5.0;
				TARGETED_DEVICE_FAMILY = "1,2";
				TEST_HOST = "$(BUILT_PRODUCTS_DIR)/Landmark.app/$(BUNDLE_EXECUTABLE_FOLDER_PATH)/Landmark";
			};
			name = Debug;
		};
		75EFC5DA2D22B55400D33728 /* Release */ = {
			isa = XCBuildConfiguration;
			buildSettings = {
				BUNDLE_LOADER = "$(TEST_HOST)";
				CODE_SIGN_STYLE = Automatic;
				CURRENT_PROJECT_VERSION = 1;
				DEVELOPMENT_TEAM = 29QHZAJ863;
				GENERATE_INFOPLIST_FILE = YES;
				IPHONEOS_DEPLOYMENT_TARGET = 18.1;
				MARKETING_VERSION = 1.0;
				PRODUCT_BUNDLE_IDENTIFIER = com.tguzeldev.LandmarkTests;
				PRODUCT_NAME = "$(TARGET_NAME)";
				SWIFT_EMIT_LOC_STRINGS = NO;
				SWIFT_VERSION = 5.0;
				TARGETED_DEVICE_FAMILY = "1,2";
				TEST_HOST = "$(BUILT_PRODUCTS_DIR)/Landmark.app/$(BUNDLE_EXECUTABLE_FOLDER_PATH)/Landmark";
			};
			name = Release;
		};
		75EFC5DC2D22B55400D33728 /* Debug */ = {
			isa = XCBuildConfiguration;
			buildSettings = {
				CODE_SIGN_STYLE = Automatic;
				CURRENT_PROJECT_VERSION = 1;
				DEVELOPMENT_TEAM = 29QHZAJ863;
				GENERATE_INFOPLIST_FILE = YES;
				MARKETING_VERSION = 1.0;
				PRODUCT_BUNDLE_IDENTIFIER = com.tguzeldev.LandmarkUITests;
				PRODUCT_NAME = "$(TARGET_NAME)";
				SWIFT_EMIT_LOC_STRINGS = NO;
				SWIFT_VERSION = 5.0;
				TARGETED_DEVICE_FAMILY = "1,2";
				TEST_TARGET_NAME = Landmark;
			};
			name = Debug;
		};
		75EFC5DD2D22B55400D33728 /* Release */ = {
			isa = XCBuildConfiguration;
			buildSettings = {
				CODE_SIGN_STYLE = Automatic;
				CURRENT_PROJECT_VERSION = 1;
				DEVELOPMENT_TEAM = 29QHZAJ863;
				GENERATE_INFOPLIST_FILE = YES;
				MARKETING_VERSION = 1.0;
				PRODUCT_BUNDLE_IDENTIFIER = com.tguzeldev.LandmarkUITests;
				PRODUCT_NAME = "$(TARGET_NAME)";
				SWIFT_EMIT_LOC_STRINGS = NO;
				SWIFT_VERSION = 5.0;
				TARGETED_DEVICE_FAMILY = "1,2";
				TEST_TARGET_NAME = Landmark;
			};
			name = Release;
		};
/* End XCBuildConfiguration section */

/* Begin XCConfigurationList section */
		75EFC5AC2D22B55200D33728 /* Build configuration list for PBXProject "Landmark" */ = {
			isa = XCConfigurationList;
			buildConfigurations = (
				75EFC5D32D22B55400D33728 /* Debug */,
				75EFC5D42D22B55400D33728 /* Release */,
			);
			defaultConfigurationIsVisible = 0;
			defaultConfigurationName = Release;
		};
		75EFC5D52D22B55400D33728 /* Build configuration list for PBXNativeTarget "Landmark" */ = {
			isa = XCConfigurationList;
			buildConfigurations = (
				75EFC5D62D22B55400D33728 /* Debug */,
				75EFC5D72D22B55400D33728 /* Release */,
			);
			defaultConfigurationIsVisible = 0;
			defaultConfigurationName = Release;
		};
		75EFC5D82D22B55400D33728 /* Build configuration list for PBXNativeTarget "LandmarkTests" */ = {
			isa = XCConfigurationList;
			buildConfigurations = (
				75EFC5D92D22B55400D33728 /* Debug */,
				75EFC5DA2D22B55400D33728 /* Release */,
			);
			defaultConfigurationIsVisible = 0;
			defaultConfigurationName = Release;
		};
		75EFC5DB2D22B55400D33728 /* Build configuration list for PBXNativeTarget "LandmarkUITests" */ = {
			isa = XCConfigurationList;
			buildConfigurations = (
				75EFC5DC2D22B55400D33728 /* Debug */,
				75EFC5DD2D22B55400D33728 /* Release */,
			);
			defaultConfigurationIsVisible = 0;
			defaultConfigurationName = Release;
		};
/* End XCConfigurationList section */
	};
	rootObject = 75EFC5A92D22B55200D33728 /* Project object */;
}
